
Microsoft Visual Studio Solution File, Format Version 12.00
# Visual Studio 14
VisualStudioVersion = 14.0.25420.1
MinimumVisualStudioVersion = 10.0.40219.1
Project("{FAE04EC0-301F-11D3-BF4B-00C04F79EFBC}") = "CSharpOv5", "CSharpOv5\CSharpOv5.csproj", "{DA6078EA-95A8-4998-9914-DE200DE94738}"
EndProject
Global
	GlobalSection(SolutionConfigurationPlatforms) = preSolution
		Debug|Any CPU = Debug|Any CPU
		Release|Any CPU = Release|Any CPU
	EndGlobalSection
	GlobalSection(ProjectConfigurationPlatforms) = postSolution
		{DA6078EA-95A8-4998-9914-DE200DE94738}.Debug|Any CPU.ActiveCfg = Debug|Any CPU
		{DA6078EA-95A8-4998-9914-DE200DE94738}.Debug|Any CPU.Build.0 = Debug|Any CPU
		{DA6078EA-95A8-4998-9914-DE200DE94738}.Release|Any CPU.ActiveCfg = Release|Any CPU
		{DA6078EA-95A8-4998-9914-DE200DE94738}.Release|Any CPU.Build.0 = Release|Any CPU
	EndGlobalSection
	GlobalSection(SolutionProperties) = preSolution
		HideSolutionNode = FALSE
	EndGlobalSection
	GlobalSection(CodealikeProperties) = postSolution
		SolutionGuid = dc9ef96b-e4d0-400b-858f-2f5a86b051f4
	EndGlobalSection
EndGlobal
